// !$*UTF8*$!
{
	archiveVersion = 1;
	classes = {
	};
	objectVersion = 51;
	objects = {

/* Begin PBXBuildFile section */
		E2087C5E25FE9FE200ED67FC /* Language.swift in Sources */ = {isa = PBXBuildFile; fileRef = E2087C5D25FE9FE200ED67FC /* Language.swift */; };
		E24891B725FACC2200E1FB84 /* BottomBar.swift in Sources */ = {isa = PBXBuildFile; fileRef = E24891B625FACC2200E1FB84 /* BottomBar.swift */; };
		E24891BB25FACC3000E1FB84 /* BottomBar.xib in Resources */ = {isa = PBXBuildFile; fileRef = E24891BA25FACC3000E1FB84 /* BottomBar.xib */; };
		E24891BF25FACDF700E1FB84 /* BaseViewController.swift in Sources */ = {isa = PBXBuildFile; fileRef = E24891BE25FACDF700E1FB84 /* BaseViewController.swift */; };
		E24891C825FB473500E1FB84 /* UIView + Extension.swift in Sources */ = {isa = PBXBuildFile; fileRef = E24891C725FB473500E1FB84 /* UIView + Extension.swift */; };
		E2534068260480CD0070CD06 /* Date + Extension.swift in Sources */ = {isa = PBXBuildFile; fileRef = E2534067260480CD0070CD06 /* Date + Extension.swift */; };
		E2811D2125FB6EFA00891221 /* Constants.swift in Sources */ = {isa = PBXBuildFile; fileRef = E2811D2025FB6EFA00891221 /* Constants.swift */; };
		E2811D2425FB847F00891221 /* ServerRequestRouter.swift in Sources */ = {isa = PBXBuildFile; fileRef = E2811D2325FB847F00891221 /* ServerRequestRouter.swift */; };
		E2811D2725FB849500891221 /* ServerManager.swift in Sources */ = {isa = PBXBuildFile; fileRef = E2811D2625FB849500891221 /* ServerManager.swift */; };
		E2811D2D25FBA70E00891221 /* Translations.swift in Sources */ = {isa = PBXBuildFile; fileRef = E2811D2A25FBA70E00891221 /* Translations.swift */; };
		E2811D2E25FBA70E00891221 /* TranslatedResponse.swift in Sources */ = {isa = PBXBuildFile; fileRef = E2811D2B25FBA70E00891221 /* TranslatedResponse.swift */; };
		E2811D2F25FBA70E00891221 /* Data.swift in Sources */ = {isa = PBXBuildFile; fileRef = E2811D2C25FBA70E00891221 /* Data.swift */; };
		E2811D3225FBA75800891221 /* TranslationViewModel.swift in Sources */ = {isa = PBXBuildFile; fileRef = E2811D3125FBA75800891221 /* TranslationViewModel.swift */; };
		E2811D3625FBAAD900891221 /* LanguageViewController.swift in Sources */ = {isa = PBXBuildFile; fileRef = E2811D3525FBAAD900891221 /* LanguageViewController.swift */; };
		E2811D3C25FBD74800891221 /* LanguageCell.swift in Sources */ = {isa = PBXBuildFile; fileRef = E2811D3A25FBD74800891221 /* LanguageCell.swift */; };
		E2811D3D25FBD74800891221 /* LanguageCell.xib in Resources */ = {isa = PBXBuildFile; fileRef = E2811D3B25FBD74800891221 /* LanguageCell.xib */; };
		E2811D4225FBF1B700891221 /* UIImageView + Extension.swift in Sources */ = {isa = PBXBuildFile; fileRef = E2811D4125FBF1B700891221 /* UIImageView + Extension.swift */; };
		E2811D4525FBFA4E00891221 /* UIViewController + Extension.swift in Sources */ = {isa = PBXBuildFile; fileRef = E2811D4425FBFA4E00891221 /* UIViewController + Extension.swift */; };
		E29B660D25FA128800D8EBD4 /* AppDelegate.swift in Sources */ = {isa = PBXBuildFile; fileRef = E29B660C25FA128800D8EBD4 /* AppDelegate.swift */; };
		E29B661125FA128800D8EBD4 /* HomeViewController.swift in Sources */ = {isa = PBXBuildFile; fileRef = E29B661025FA128800D8EBD4 /* HomeViewController.swift */; };
		E29B661425FA128800D8EBD4 /* Main.storyboard in Resources */ = {isa = PBXBuildFile; fileRef = E29B661225FA128800D8EBD4 /* Main.storyboard */; };
		E29B661625FA128900D8EBD4 /* Assets.xcassets in Resources */ = {isa = PBXBuildFile; fileRef = E29B661525FA128900D8EBD4 /* Assets.xcassets */; };
		E29B661925FA128900D8EBD4 /* LaunchScreen.storyboard in Resources */ = {isa = PBXBuildFile; fileRef = E29B661725FA128900D8EBD4 /* LaunchScreen.storyboard */; };
		E29B662325FA9CF100D8EBD4 /* Language.json in Resources */ = {isa = PBXBuildFile; fileRef = E29B662225FA9CF100D8EBD4 /* Language.json */; };
		E29B663225FAA5DC00D8EBD4 /* InputView.swift in Sources */ = {isa = PBXBuildFile; fileRef = E29B663125FAA5DC00D8EBD4 /* InputView.swift */; };
		E29B663525FAA5F100D8EBD4 /* InputView.xib in Resources */ = {isa = PBXBuildFile; fileRef = E29B663425FAA5F100D8EBD4 /* InputView.xib */; };
		E2CC23752603367E00B27CBE /* launch.png in Resources */ = {isa = PBXBuildFile; fileRef = E2CC23742603367E00B27CBE /* launch.png */; };
		E2CC237C26036DDD00B27CBE /* NotesCell.swift in Sources */ = {isa = PBXBuildFile; fileRef = E2CC237A26036DDD00B27CBE /* NotesCell.swift */; };
		E2CC237D26036DDD00B27CBE /* NotesCell.xib in Resources */ = {isa = PBXBuildFile; fileRef = E2CC237B26036DDD00B27CBE /* NotesCell.xib */; };
		E2CC2380260371E600B27CBE /* Note.swift in Sources */ = {isa = PBXBuildFile; fileRef = E2CC237F260371E600B27CBE /* Note.swift */; };
		E2CC23862603775200B27CBE /* NotesViewController.swift in Sources */ = {isa = PBXBuildFile; fileRef = E2CC23852603775200B27CBE /* NotesViewController.swift */; };
		E2CC23892603775F00B27CBE /* AddNoteViewController.swift in Sources */ = {isa = PBXBuildFile; fileRef = E2CC23882603775F00B27CBE /* AddNoteViewController.swift */; };
		E2CC238C26038A0600B27CBE /* UserDefaults + Extension.swift in Sources */ = {isa = PBXBuildFile; fileRef = E2CC238B26038A0600B27CBE /* UserDefaults + Extension.swift */; };
		E2E5E05225FFD58B0011EB3D /* InputSpeechView.swift in Sources */ = {isa = PBXBuildFile; fileRef = E2E5E05125FFD58B0011EB3D /* InputSpeechView.swift */; };
		E2E5E05525FFD5A10011EB3D /* InputSpeechView.xib in Resources */ = {isa = PBXBuildFile; fileRef = E2E5E05425FFD5A10011EB3D /* InputSpeechView.xib */; };
		E2E5E05825FFD8F30011EB3D /* SpeechViewController.swift in Sources */ = {isa = PBXBuildFile; fileRef = E2E5E05725FFD8F30011EB3D /* SpeechViewController.swift */; };
		E2E5E05B25FFDC360011EB3D /* SpeechViewModel.swift in Sources */ = {isa = PBXBuildFile; fileRef = E2E5E05A25FFDC360011EB3D /* SpeechViewModel.swift */; };
		E2E5E06125FFF6900011EB3D /* UIImage+Extension.swift in Sources */ = {isa = PBXBuildFile; fileRef = E2E5E06025FFF6900011EB3D /* UIImage+Extension.swift */; };
		E2E5E0A2260131E00011EB3D /* loading.json in Resources */ = {isa = PBXBuildFile; fileRef = E2E5E0A1260131E00011EB3D /* loading.json */; };
		EA8AEEB583C963795CA05136 /* Pods_Anuvaad.framework in Frameworks */ = {isa = PBXBuildFile; fileRef = 42B2B0D16D743E04E2ADD366 /* Pods_Anuvaad.framework */; };
/* End PBXBuildFile section */

/* Begin PBXFileReference section */
		42B2B0D16D743E04E2ADD366 /* Pods_Anuvaad.framework */ = {isa = PBXFileReference; explicitFileType = wrapper.framework; includeInIndex = 0; path = Pods_Anuvaad.framework; sourceTree = BUILT_PRODUCTS_DIR; };
		C1265F8746C9A876C45DD625 /* Pods-Anuvaad.release.xcconfig */ = {isa = PBXFileReference; includeInIndex = 1; lastKnownFileType = text.xcconfig; name = "Pods-Anuvaad.release.xcconfig"; path = "Target Support Files/Pods-Anuvaad/Pods-Anuvaad.release.xcconfig"; sourceTree = "<group>"; };
		DF4117B0089E0BA4F665AFEE /* Pods-Anuvaad.debug.xcconfig */ = {isa = PBXFileReference; includeInIndex = 1; lastKnownFileType = text.xcconfig; name = "Pods-Anuvaad.debug.xcconfig"; path = "Target Support Files/Pods-Anuvaad/Pods-Anuvaad.debug.xcconfig"; sourceTree = "<group>"; };
		E2087C5D25FE9FE200ED67FC /* Language.swift */ = {isa = PBXFileReference; lastKnownFileType = sourcecode.swift; path = Language.swift; sourceTree = "<group>"; };
		E24891B625FACC2200E1FB84 /* BottomBar.swift */ = {isa = PBXFileReference; lastKnownFileType = sourcecode.swift; path = BottomBar.swift; sourceTree = "<group>"; };
		E24891BA25FACC3000E1FB84 /* BottomBar.xib */ = {isa = PBXFileReference; lastKnownFileType = file.xib; path = BottomBar.xib; sourceTree = "<group>"; };
		E24891BE25FACDF700E1FB84 /* BaseViewController.swift */ = {isa = PBXFileReference; lastKnownFileType = sourcecode.swift; path = BaseViewController.swift; sourceTree = "<group>"; };
		E24891C725FB473500E1FB84 /* UIView + Extension.swift */ = {isa = PBXFileReference; lastKnownFileType = sourcecode.swift; path = "UIView + Extension.swift"; sourceTree = "<group>"; };
		E2534067260480CD0070CD06 /* Date + Extension.swift */ = {isa = PBXFileReference; lastKnownFileType = sourcecode.swift; path = "Date + Extension.swift"; sourceTree = "<group>"; };
		E2811D2025FB6EFA00891221 /* Constants.swift */ = {isa = PBXFileReference; lastKnownFileType = sourcecode.swift; path = Constants.swift; sourceTree = "<group>"; };
		E2811D2325FB847F00891221 /* ServerRequestRouter.swift */ = {isa = PBXFileReference; lastKnownFileType = sourcecode.swift; path = ServerRequestRouter.swift; sourceTree = "<group>"; };
		E2811D2625FB849500891221 /* ServerManager.swift */ = {isa = PBXFileReference; lastKnownFileType = sourcecode.swift; path = ServerManager.swift; sourceTree = "<group>"; };
		E2811D2A25FBA70E00891221 /* Translations.swift */ = {isa = PBXFileReference; fileEncoding = 4; lastKnownFileType = sourcecode.swift; path = Translations.swift; sourceTree = "<group>"; };
		E2811D2B25FBA70E00891221 /* TranslatedResponse.swift */ = {isa = PBXFileReference; fileEncoding = 4; lastKnownFileType = sourcecode.swift; path = TranslatedResponse.swift; sourceTree = "<group>"; };
		E2811D2C25FBA70E00891221 /* Data.swift */ = {isa = PBXFileReference; fileEncoding = 4; lastKnownFileType = sourcecode.swift; path = Data.swift; sourceTree = "<group>"; };
		E2811D3125FBA75800891221 /* TranslationViewModel.swift */ = {isa = PBXFileReference; lastKnownFileType = sourcecode.swift; path = TranslationViewModel.swift; sourceTree = "<group>"; };
		E2811D3525FBAAD900891221 /* LanguageViewController.swift */ = {isa = PBXFileReference; lastKnownFileType = sourcecode.swift; path = LanguageViewController.swift; sourceTree = "<group>"; };
		E2811D3A25FBD74800891221 /* LanguageCell.swift */ = {isa = PBXFileReference; lastKnownFileType = sourcecode.swift; path = LanguageCell.swift; sourceTree = "<group>"; };
		E2811D3B25FBD74800891221 /* LanguageCell.xib */ = {isa = PBXFileReference; lastKnownFileType = file.xib; path = LanguageCell.xib; sourceTree = "<group>"; };
		E2811D4125FBF1B700891221 /* UIImageView + Extension.swift */ = {isa = PBXFileReference; lastKnownFileType = sourcecode.swift; path = "UIImageView + Extension.swift"; sourceTree = "<group>"; };
		E2811D4425FBFA4E00891221 /* UIViewController + Extension.swift */ = {isa = PBXFileReference; lastKnownFileType = sourcecode.swift; path = "UIViewController + Extension.swift"; sourceTree = "<group>"; };
		E29B660925FA128800D8EBD4 /* Anuvaad.app */ = {isa = PBXFileReference; explicitFileType = wrapper.application; includeInIndex = 0; path = Anuvaad.app; sourceTree = BUILT_PRODUCTS_DIR; };
		E29B660C25FA128800D8EBD4 /* AppDelegate.swift */ = {isa = PBXFileReference; lastKnownFileType = sourcecode.swift; path = AppDelegate.swift; sourceTree = "<group>"; };
		E29B661025FA128800D8EBD4 /* HomeViewController.swift */ = {isa = PBXFileReference; lastKnownFileType = sourcecode.swift; path = HomeViewController.swift; sourceTree = "<group>"; };
		E29B661325FA128800D8EBD4 /* Base */ = {isa = PBXFileReference; lastKnownFileType = file.storyboard; name = Base; path = Base.lproj/Main.storyboard; sourceTree = "<group>"; };
		E29B661525FA128900D8EBD4 /* Assets.xcassets */ = {isa = PBXFileReference; lastKnownFileType = folder.assetcatalog; path = Assets.xcassets; sourceTree = "<group>"; };
		E29B661825FA128900D8EBD4 /* Base */ = {isa = PBXFileReference; lastKnownFileType = file.storyboard; name = Base; path = Base.lproj/LaunchScreen.storyboard; sourceTree = "<group>"; };
		E29B661A25FA128900D8EBD4 /* Info.plist */ = {isa = PBXFileReference; lastKnownFileType = text.plist.xml; path = Info.plist; sourceTree = "<group>"; };
		E29B662225FA9CF100D8EBD4 /* Language.json */ = {isa = PBXFileReference; fileEncoding = 4; lastKnownFileType = text.json; path = Language.json; sourceTree = "<group>"; };
		E29B663125FAA5DC00D8EBD4 /* InputView.swift */ = {isa = PBXFileReference; lastKnownFileType = sourcecode.swift; path = InputView.swift; sourceTree = "<group>"; };
		E29B663425FAA5F100D8EBD4 /* InputView.xib */ = {isa = PBXFileReference; lastKnownFileType = file.xib; path = InputView.xib; sourceTree = "<group>"; };
		E2CC23742603367E00B27CBE /* launch.png */ = {isa = PBXFileReference; lastKnownFileType = image.png; path = launch.png; sourceTree = "<group>"; };
		E2CC237A26036DDD00B27CBE /* NotesCell.swift */ = {isa = PBXFileReference; lastKnownFileType = sourcecode.swift; path = NotesCell.swift; sourceTree = "<group>"; };
		E2CC237B26036DDD00B27CBE /* NotesCell.xib */ = {isa = PBXFileReference; lastKnownFileType = file.xib; path = NotesCell.xib; sourceTree = "<group>"; };
		E2CC237F260371E600B27CBE /* Note.swift */ = {isa = PBXFileReference; lastKnownFileType = sourcecode.swift; path = Note.swift; sourceTree = "<group>"; };
		E2CC23852603775200B27CBE /* NotesViewController.swift */ = {isa = PBXFileReference; lastKnownFileType = sourcecode.swift; path = NotesViewController.swift; sourceTree = "<group>"; };
		E2CC23882603775F00B27CBE /* AddNoteViewController.swift */ = {isa = PBXFileReference; lastKnownFileType = sourcecode.swift; path = AddNoteViewController.swift; sourceTree = "<group>"; };
		E2CC238B26038A0600B27CBE /* UserDefaults + Extension.swift */ = {isa = PBXFileReference; lastKnownFileType = sourcecode.swift; path = "UserDefaults + Extension.swift"; sourceTree = "<group>"; };
		E2E5E05125FFD58B0011EB3D /* InputSpeechView.swift */ = {isa = PBXFileReference; lastKnownFileType = sourcecode.swift; path = InputSpeechView.swift; sourceTree = "<group>"; };
		E2E5E05425FFD5A10011EB3D /* InputSpeechView.xib */ = {isa = PBXFileReference; lastKnownFileType = file.xib; path = InputSpeechView.xib; sourceTree = "<group>"; };
		E2E5E05725FFD8F30011EB3D /* SpeechViewController.swift */ = {isa = PBXFileReference; lastKnownFileType = sourcecode.swift; path = SpeechViewController.swift; sourceTree = "<group>"; };
		E2E5E05A25FFDC360011EB3D /* SpeechViewModel.swift */ = {isa = PBXFileReference; lastKnownFileType = sourcecode.swift; path = SpeechViewModel.swift; sourceTree = "<group>"; };
		E2E5E06025FFF6900011EB3D /* UIImage+Extension.swift */ = {isa = PBXFileReference; lastKnownFileType = sourcecode.swift; path = "UIImage+Extension.swift"; sourceTree = "<group>"; };
		E2E5E0A1260131E00011EB3D /* loading.json */ = {isa = PBXFileReference; fileEncoding = 4; lastKnownFileType = text.json; path = loading.json; sourceTree = "<group>"; };
/* End PBXFileReference section */

/* Begin PBXFrameworksBuildPhase section */
		E29B660625FA128800D8EBD4 /* Frameworks */ = {
			isa = PBXFrameworksBuildPhase;
			buildActionMask = 2147483647;
			files = (
				EA8AEEB583C963795CA05136 /* Pods_Anuvaad.framework in Frameworks */,
			);
			runOnlyForDeploymentPostprocessing = 0;
		};
/* End PBXFrameworksBuildPhase section */

/* Begin PBXGroup section */
		4F4F5C12A7E4D76EB7EC3DDA /* Frameworks */ = {
			isa = PBXGroup;
			children = (
				42B2B0D16D743E04E2ADD366 /* Pods_Anuvaad.framework */,
			);
			name = Frameworks;
			sourceTree = "<group>";
		};
		E2087C5C25FE9FD400ED67FC /* Language */ = {
			isa = PBXGroup;
			children = (
				E2087C5D25FE9FE200ED67FC /* Language.swift */,
			);
			path = Language;
			sourceTree = "<group>";
		};
		E24891B525FACC0600E1FB84 /* BottomBar */ = {
			isa = PBXGroup;
			children = (
				E24891B625FACC2200E1FB84 /* BottomBar.swift */,
				E24891BA25FACC3000E1FB84 /* BottomBar.xib */,
			);
			path = BottomBar;
			sourceTree = "<group>";
		};
		E24891C625FB471700E1FB84 /* Extensions */ = {
			isa = PBXGroup;
			children = (
				E24891C725FB473500E1FB84 /* UIView + Extension.swift */,
				E2811D4125FBF1B700891221 /* UIImageView + Extension.swift */,
				E2811D4425FBFA4E00891221 /* UIViewController + Extension.swift */,
				E2E5E06025FFF6900011EB3D /* UIImage+Extension.swift */,
				E2CC238B26038A0600B27CBE /* UserDefaults + Extension.swift */,
				E2534067260480CD0070CD06 /* Date + Extension.swift */,
			);
			path = Extensions;
			sourceTree = "<group>";
		};
		E2811D2925FBA6F100891221 /* Translation */ = {
			isa = PBXGroup;
			children = (
				E2811D2C25FBA70E00891221 /* Data.swift */,
				E2811D2B25FBA70E00891221 /* TranslatedResponse.swift */,
				E2811D2A25FBA70E00891221 /* Translations.swift */,
			);
			path = Translation;
			sourceTree = "<group>";
		};
		E2811D3825FBD71F00891221 /* Cells */ = {
			isa = PBXGroup;
			children = (
				E2CC237926036DBA00B27CBE /* Notes Cell */,
				E2811D3925FBD72800891221 /* LanguageCell */,
			);
			path = Cells;
			sourceTree = "<group>";
		};
		E2811D3925FBD72800891221 /* LanguageCell */ = {
			isa = PBXGroup;
			children = (
				E2811D3A25FBD74800891221 /* LanguageCell.swift */,
				E2811D3B25FBD74800891221 /* LanguageCell.xib */,
			);
			path = LanguageCell;
			sourceTree = "<group>";
		};
		E29B660025FA128800D8EBD4 = {
			isa = PBXGroup;
			children = (
				E29B660B25FA128800D8EBD4 /* Anuvaad */,
				E29B660A25FA128800D8EBD4 /* Products */,
				FA1FD51B5780C75B4BF46090 /* Pods */,
				4F4F5C12A7E4D76EB7EC3DDA /* Frameworks */,
			);
			sourceTree = "<group>";
		};
		E29B660A25FA128800D8EBD4 /* Products */ = {
			isa = PBXGroup;
			children = (
				E29B660925FA128800D8EBD4 /* Anuvaad.app */,
			);
			name = Products;
			sourceTree = "<group>";
		};
		E29B660B25FA128800D8EBD4 /* Anuvaad */ = {
			isa = PBXGroup;
			children = (
				E2CC23742603367E00B27CBE /* launch.png */,
				E2E5E0A1260131E00011EB3D /* loading.json */,
				E29B660C25FA128800D8EBD4 /* AppDelegate.swift */,
				E29B661225FA128800D8EBD4 /* Main.storyboard */,
				E2E5E09C260125A30011EB3D /* Animations */,
				E24891C625FB471700E1FB84 /* Extensions */,
				E29B662A25FAA32700D8EBD4 /* Others */,
				E29B662925FAA31800D8EBD4 /* Controller */,
				E29B662825FAA31200D8EBD4 /* ViewModel */,
				E29B662725FAA30900D8EBD4 /* View */,
				E29B662625FAA30300D8EBD4 /* Model */,
				E29B662225FA9CF100D8EBD4 /* Language.json */,
			);
			path = Anuvaad;
			sourceTree = "<group>";
		};
		E29B662625FAA30300D8EBD4 /* Model */ = {
			isa = PBXGroup;
			children = (
				E2CC2383260371EE00B27CBE /* Note */,
				E2087C5C25FE9FD400ED67FC /* Language */,
				E2811D2925FBA6F100891221 /* Translation */,
				E2811D2325FB847F00891221 /* ServerRequestRouter.swift */,
				E2811D2625FB849500891221 /* ServerManager.swift */,
			);
			path = Model;
			sourceTree = "<group>";
		};
		E29B662725FAA30900D8EBD4 /* View */ = {
			isa = PBXGroup;
			children = (
				E2E5E05025FFD5510011EB3D /* InputSpeechView */,
				E24891B525FACC0600E1FB84 /* BottomBar */,
				E29B663025FAA5C200D8EBD4 /* InputView */,
				E2811D3825FBD71F00891221 /* Cells */,
			);
			path = View;
			sourceTree = "<group>";
		};
		E29B662825FAA31200D8EBD4 /* ViewModel */ = {
			isa = PBXGroup;
			children = (
				E2811D3125FBA75800891221 /* TranslationViewModel.swift */,
				E2E5E05A25FFDC360011EB3D /* SpeechViewModel.swift */,
			);
			path = ViewModel;
			sourceTree = "<group>";
		};
		E29B662925FAA31800D8EBD4 /* Controller */ = {
			isa = PBXGroup;
			children = (
				E29B661025FA128800D8EBD4 /* HomeViewController.swift */,
				E24891BE25FACDF700E1FB84 /* BaseViewController.swift */,
				E2811D3525FBAAD900891221 /* LanguageViewController.swift */,
				E2E5E05725FFD8F30011EB3D /* SpeechViewController.swift */,
				E2CC23852603775200B27CBE /* NotesViewController.swift */,
				E2CC23882603775F00B27CBE /* AddNoteViewController.swift */,
			);
			path = Controller;
			sourceTree = "<group>";
		};
		E29B662A25FAA32700D8EBD4 /* Others */ = {
			isa = PBXGroup;
			children = (
				E29B661525FA128900D8EBD4 /* Assets.xcassets */,
				E29B661725FA128900D8EBD4 /* LaunchScreen.storyboard */,
				E29B661A25FA128900D8EBD4 /* Info.plist */,
				E2811D2025FB6EFA00891221 /* Constants.swift */,
			);
			path = Others;
			sourceTree = "<group>";
		};
		E29B663025FAA5C200D8EBD4 /* InputView */ = {
			isa = PBXGroup;
			children = (
				E29B663125FAA5DC00D8EBD4 /* InputView.swift */,
				E29B663425FAA5F100D8EBD4 /* InputView.xib */,
			);
			path = InputView;
			sourceTree = "<group>";
		};
		E2CC237926036DBA00B27CBE /* Notes Cell */ = {
			isa = PBXGroup;
			children = (
				E2CC237A26036DDD00B27CBE /* NotesCell.swift */,
				E2CC237B26036DDD00B27CBE /* NotesCell.xib */,
			);
			path = "Notes Cell";
			sourceTree = "<group>";
		};
		E2CC2383260371EE00B27CBE /* Note */ = {
			isa = PBXGroup;
			children = (
				E2CC237F260371E600B27CBE /* Note.swift */,
			);
			path = Note;
			sourceTree = "<group>";
		};
		E2E5E05025FFD5510011EB3D /* InputSpeechView */ = {
			isa = PBXGroup;
			children = (
				E2E5E05125FFD58B0011EB3D /* InputSpeechView.swift */,
				E2E5E05425FFD5A10011EB3D /* InputSpeechView.xib */,
			);
			path = InputSpeechView;
			sourceTree = "<group>";
		};
		E2E5E09C260125A30011EB3D /* Animations */ = {
			isa = PBXGroup;
			children = (
			);
			path = Animations;
			sourceTree = "<group>";
		};
		FA1FD51B5780C75B4BF46090 /* Pods */ = {
			isa = PBXGroup;
			children = (
				DF4117B0089E0BA4F665AFEE /* Pods-Anuvaad.debug.xcconfig */,
				C1265F8746C9A876C45DD625 /* Pods-Anuvaad.release.xcconfig */,
			);
			path = Pods;
			sourceTree = "<group>";
		};
/* End PBXGroup section */

/* Begin PBXNativeTarget section */
		E29B660825FA128800D8EBD4 /* Anuvaad */ = {
			isa = PBXNativeTarget;
			buildConfigurationList = E29B661D25FA128900D8EBD4 /* Build configuration list for PBXNativeTarget "Anuvaad" */;
			buildPhases = (
				A5CECB026F95ACB9D155FE94 /* [CP] Check Pods Manifest.lock */,
				E29B660525FA128800D8EBD4 /* Sources */,
				E29B660625FA128800D8EBD4 /* Frameworks */,
				E29B660725FA128800D8EBD4 /* Resources */,
				7424EEF828B16FBE7A9ADA12 /* [CP] Embed Pods Frameworks */,
			);
			buildRules = (
			);
			dependencies = (
			);
			name = Anuvaad;
			productName = Anuvaad;
			productReference = E29B660925FA128800D8EBD4 /* Anuvaad.app */;
			productType = "com.apple.product-type.application";
		};
/* End PBXNativeTarget section */

/* Begin PBXProject section */
		E29B660125FA128800D8EBD4 /* Project object */ = {
			isa = PBXProject;
			attributes = {
				LastSwiftUpdateCheck = 1240;
				LastUpgradeCheck = 1240;
				TargetAttributes = {
					E29B660825FA128800D8EBD4 = {
						CreatedOnToolsVersion = 12.4;
					};
				};
			};
			buildConfigurationList = E29B660425FA128800D8EBD4 /* Build configuration list for PBXProject "Anuvaad" */;
			compatibilityVersion = "Xcode 9.3";
			developmentRegion = en;
			hasScannedForEncodings = 0;
			knownRegions = (
				en,
				Base,
			);
			mainGroup = E29B660025FA128800D8EBD4;
			productRefGroup = E29B660A25FA128800D8EBD4 /* Products */;
			projectDirPath = "";
			projectRoot = "";
			targets = (
				E29B660825FA128800D8EBD4 /* Anuvaad */,
			);
		};
/* End PBXProject section */

/* Begin PBXResourcesBuildPhase section */
		E29B660725FA128800D8EBD4 /* Resources */ = {
			isa = PBXResourcesBuildPhase;
			buildActionMask = 2147483647;
			files = (
				E29B661925FA128900D8EBD4 /* LaunchScreen.storyboard in Resources */,
				E29B662325FA9CF100D8EBD4 /* Language.json in Resources */,
				E24891BB25FACC3000E1FB84 /* BottomBar.xib in Resources */,
				E2CC237D26036DDD00B27CBE /* NotesCell.xib in Resources */,
				E2CC23752603367E00B27CBE /* launch.png in Resources */,
				E2811D3D25FBD74800891221 /* LanguageCell.xib in Resources */,
				E29B661625FA128900D8EBD4 /* Assets.xcassets in Resources */,
				E29B661425FA128800D8EBD4 /* Main.storyboard in Resources */,
				E2E5E0A2260131E00011EB3D /* loading.json in Resources */,
				E29B663525FAA5F100D8EBD4 /* InputView.xib in Resources */,
				E2E5E05525FFD5A10011EB3D /* InputSpeechView.xib in Resources */,
			);
			runOnlyForDeploymentPostprocessing = 0;
		};
/* End PBXResourcesBuildPhase section */

/* Begin PBXShellScriptBuildPhase section */
		7424EEF828B16FBE7A9ADA12 /* [CP] Embed Pods Frameworks */ = {
			isa = PBXShellScriptBuildPhase;
			buildActionMask = 2147483647;
			files = (
			);
			inputFileListPaths = (
				"${PODS_ROOT}/Target Support Files/Pods-Anuvaad/Pods-Anuvaad-frameworks-${CONFIGURATION}-input-files.xcfilelist",
			);
			name = "[CP] Embed Pods Frameworks";
			outputFileListPaths = (
				"${PODS_ROOT}/Target Support Files/Pods-Anuvaad/Pods-Anuvaad-frameworks-${CONFIGURATION}-output-files.xcfilelist",
			);
			runOnlyForDeploymentPostprocessing = 0;
			shellPath = /bin/sh;
			shellScript = "\"${PODS_ROOT}/Target Support Files/Pods-Anuvaad/Pods-Anuvaad-frameworks.sh\"\n";
			showEnvVarsInLog = 0;
		};
		A5CECB026F95ACB9D155FE94 /* [CP] Check Pods Manifest.lock */ = {
			isa = PBXShellScriptBuildPhase;
			buildActionMask = 2147483647;
			files = (
			);
			inputFileListPaths = (
			);
			inputPaths = (
				"${PODS_PODFILE_DIR_PATH}/Podfile.lock",
				"${PODS_ROOT}/Manifest.lock",
			);
			name = "[CP] Check Pods Manifest.lock";
			outputFileListPaths = (
			);
			outputPaths = (
				"$(DERIVED_FILE_DIR)/Pods-Anuvaad-checkManifestLockResult.txt",
			);
			runOnlyForDeploymentPostprocessing = 0;
			shellPath = /bin/sh;
			shellScript = "diff \"${PODS_PODFILE_DIR_PATH}/Podfile.lock\" \"${PODS_ROOT}/Manifest.lock\" > /dev/null\nif [ $? != 0 ] ; then\n    # print error to STDERR\n    echo \"error: The sandbox is not in sync with the Podfile.lock. Run 'pod install' or update your CocoaPods installation.\" >&2\n    exit 1\nfi\n# This output is used by Xcode 'outputs' to avoid re-running this script phase.\necho \"SUCCESS\" > \"${SCRIPT_OUTPUT_FILE_0}\"\n";
			showEnvVarsInLog = 0;
		};
/* End PBXShellScriptBuildPhase section */

/* Begin PBXSourcesBuildPhase section */
		E29B660525FA128800D8EBD4 /* Sources */ = {
			isa = PBXSourcesBuildPhase;
			buildActionMask = 2147483647;
			files = (
				E2CC238C26038A0600B27CBE /* UserDefaults + Extension.swift in Sources */,
				E24891BF25FACDF700E1FB84 /* BaseViewController.swift in Sources */,
				E2811D2D25FBA70E00891221 /* Translations.swift in Sources */,
				E29B661125FA128800D8EBD4 /* HomeViewController.swift in Sources */,
				E2087C5E25FE9FE200ED67FC /* Language.swift in Sources */,
				E2811D3C25FBD74800891221 /* LanguageCell.swift in Sources */,
				E24891C825FB473500E1FB84 /* UIView + Extension.swift in Sources */,
				E2811D2E25FBA70E00891221 /* TranslatedResponse.swift in Sources */,
				E2CC237C26036DDD00B27CBE /* NotesCell.swift in Sources */,
				E24891B725FACC2200E1FB84 /* BottomBar.swift in Sources */,
				E2811D2125FB6EFA00891221 /* Constants.swift in Sources */,
				E2E5E06125FFF6900011EB3D /* UIImage+Extension.swift in Sources */,
				E2811D2F25FBA70E00891221 /* Data.swift in Sources */,
				E2811D2425FB847F00891221 /* ServerRequestRouter.swift in Sources */,
				E29B663225FAA5DC00D8EBD4 /* InputView.swift in Sources */,
				E2811D2725FB849500891221 /* ServerManager.swift in Sources */,
				E2E5E05225FFD58B0011EB3D /* InputSpeechView.swift in Sources */,
				E2811D4225FBF1B700891221 /* UIImageView + Extension.swift in Sources */,
				E29B660D25FA128800D8EBD4 /* AppDelegate.swift in Sources */,
				E2E5E05B25FFDC360011EB3D /* SpeechViewModel.swift in Sources */,
				E2E5E05825FFD8F30011EB3D /* SpeechViewController.swift in Sources */,
				E2811D4525FBFA4E00891221 /* UIViewController + Extension.swift in Sources */,
				E2CC23862603775200B27CBE /* NotesViewController.swift in Sources */,
				E2CC23892603775F00B27CBE /* AddNoteViewController.swift in Sources */,
				E2811D3625FBAAD900891221 /* LanguageViewController.swift in Sources */,
				E2811D3225FBA75800891221 /* TranslationViewModel.swift in Sources */,
				E2CC2380260371E600B27CBE /* Note.swift in Sources */,
				E2534068260480CD0070CD06 /* Date + Extension.swift in Sources */,
			);
			runOnlyForDeploymentPostprocessing = 0;
		};
/* End PBXSourcesBuildPhase section */

/* Begin PBXVariantGroup section */
		E29B661225FA128800D8EBD4 /* Main.storyboard */ = {
			isa = PBXVariantGroup;
			children = (
				E29B661325FA128800D8EBD4 /* Base */,
			);
			name = Main.storyboard;
			sourceTree = "<group>";
		};
		E29B661725FA128900D8EBD4 /* LaunchScreen.storyboard */ = {
			isa = PBXVariantGroup;
			children = (
				E29B661825FA128900D8EBD4 /* Base */,
			);
			name = LaunchScreen.storyboard;
			sourceTree = "<group>";
		};
/* End PBXVariantGroup section */

/* Begin XCBuildConfiguration section */
		E29B661B25FA128900D8EBD4 /* Debug */ = {
			isa = XCBuildConfiguration;
			buildSettings = {
				ALWAYS_SEARCH_USER_PATHS = NO;
				CLANG_ANALYZER_NONNULL = YES;
				CLANG_ANALYZER_NUMBER_OBJECT_CONVERSION = YES_AGGRESSIVE;
				CLANG_CXX_LANGUAGE_STANDARD = "gnu++14";
				CLANG_CXX_LIBRARY = "libc++";
				CLANG_ENABLE_MODULES = YES;
				CLANG_ENABLE_OBJC_ARC = YES;
				CLANG_ENABLE_OBJC_WEAK = YES;
				CLANG_WARN_BLOCK_CAPTURE_AUTORELEASING = YES;
				CLANG_WARN_BOOL_CONVERSION = YES;
				CLANG_WARN_COMMA = YES;
				CLANG_WARN_CONSTANT_CONVERSION = YES;
				CLANG_WARN_DEPRECATED_OBJC_IMPLEMENTATIONS = YES;
				CLANG_WARN_DIRECT_OBJC_ISA_USAGE = YES_ERROR;
				CLANG_WARN_DOCUMENTATION_COMMENTS = YES;
				CLANG_WARN_EMPTY_BODY = YES;
				CLANG_WARN_ENUM_CONVERSION = YES;
				CLANG_WARN_INFINITE_RECURSION = YES;
				CLANG_WARN_INT_CONVERSION = YES;
				CLANG_WARN_NON_LITERAL_NULL_CONVERSION = YES;
				CLANG_WARN_OBJC_IMPLICIT_RETAIN_SELF = YES;
				CLANG_WARN_OBJC_LITERAL_CONVERSION = YES;
				CLANG_WARN_OBJC_ROOT_CLASS = YES_ERROR;
				CLANG_WARN_QUOTED_INCLUDE_IN_FRAMEWORK_HEADER = YES;
				CLANG_WARN_RANGE_LOOP_ANALYSIS = YES;
				CLANG_WARN_STRICT_PROTOTYPES = YES;
				CLANG_WARN_SUSPICIOUS_MOVE = YES;
				CLANG_WARN_UNGUARDED_AVAILABILITY = YES_AGGRESSIVE;
				CLANG_WARN_UNREACHABLE_CODE = YES;
				CLANG_WARN__DUPLICATE_METHOD_MATCH = YES;
				COPY_PHASE_STRIP = NO;
				DEBUG_INFORMATION_FORMAT = dwarf;
				ENABLE_STRICT_OBJC_MSGSEND = YES;
				ENABLE_TESTABILITY = YES;
				GCC_C_LANGUAGE_STANDARD = gnu11;
				GCC_DYNAMIC_NO_PIC = NO;
				GCC_NO_COMMON_BLOCKS = YES;
				GCC_OPTIMIZATION_LEVEL = 0;
				GCC_PREPROCESSOR_DEFINITIONS = (
					"DEBUG=1",
					"$(inherited)",
				);
				GCC_WARN_64_TO_32_BIT_CONVERSION = YES;
				GCC_WARN_ABOUT_RETURN_TYPE = YES_ERROR;
				GCC_WARN_UNDECLARED_SELECTOR = YES;
				GCC_WARN_UNINITIALIZED_AUTOS = YES_AGGRESSIVE;
				GCC_WARN_UNUSED_FUNCTION = YES;
				GCC_WARN_UNUSED_VARIABLE = YES;
				IPHONEOS_DEPLOYMENT_TARGET = 14.4;
				MTL_ENABLE_DEBUG_INFO = INCLUDE_SOURCE;
				MTL_FAST_MATH = YES;
				ONLY_ACTIVE_ARCH = YES;
				SDKROOT = iphoneos;
				SWIFT_ACTIVE_COMPILATION_CONDITIONS = DEBUG;
				SWIFT_OPTIMIZATION_LEVEL = "-Onone";
			};
			name = Debug;
		};
		E29B661C25FA128900D8EBD4 /* Release */ = {
			isa = XCBuildConfiguration;
			buildSettings = {
				ALWAYS_SEARCH_USER_PATHS = NO;
				CLANG_ANALYZER_NONNULL = YES;
				CLANG_ANALYZER_NUMBER_OBJECT_CONVERSION = YES_AGGRESSIVE;
				CLANG_CXX_LANGUAGE_STANDARD = "gnu++14";
				CLANG_CXX_LIBRARY = "libc++";
				CLANG_ENABLE_MODULES = YES;
				CLANG_ENABLE_OBJC_ARC = YES;
				CLANG_ENABLE_OBJC_WEAK = YES;
				CLANG_WARN_BLOCK_CAPTURE_AUTORELEASING = YES;
				CLANG_WARN_BOOL_CONVERSION = YES;
				CLANG_WARN_COMMA = YES;
				CLANG_WARN_CONSTANT_CONVERSION = YES;
				CLANG_WARN_DEPRECATED_OBJC_IMPLEMENTATIONS = YES;
				CLANG_WARN_DIRECT_OBJC_ISA_USAGE = YES_ERROR;
				CLANG_WARN_DOCUMENTATION_COMMENTS = YES;
				CLANG_WARN_EMPTY_BODY = YES;
				CLANG_WARN_ENUM_CONVERSION = YES;
				CLANG_WARN_INFINITE_RECURSION = YES;
				CLANG_WARN_INT_CONVERSION = YES;
				CLANG_WARN_NON_LITERAL_NULL_CONVERSION = YES;
				CLANG_WARN_OBJC_IMPLICIT_RETAIN_SELF = YES;
				CLANG_WARN_OBJC_LITERAL_CONVERSION = YES;
				CLANG_WARN_OBJC_ROOT_CLASS = YES_ERROR;
				CLANG_WARN_QUOTED_INCLUDE_IN_FRAMEWORK_HEADER = YES;
				CLANG_WARN_RANGE_LOOP_ANALYSIS = YES;
				CLANG_WARN_STRICT_PROTOTYPES = YES;
				CLANG_WARN_SUSPICIOUS_MOVE = YES;
				CLANG_WARN_UNGUARDED_AVAILABILITY = YES_AGGRESSIVE;
				CLANG_WARN_UNREACHABLE_CODE = YES;
				CLANG_WARN__DUPLICATE_METHOD_MATCH = YES;
				COPY_PHASE_STRIP = NO;
				DEBUG_INFORMATION_FORMAT = "dwarf-with-dsym";
				ENABLE_NS_ASSERTIONS = NO;
				ENABLE_STRICT_OBJC_MSGSEND = YES;
				GCC_C_LANGUAGE_STANDARD = gnu11;
				GCC_NO_COMMON_BLOCKS = YES;
				GCC_WARN_64_TO_32_BIT_CONVERSION = YES;
				GCC_WARN_ABOUT_RETURN_TYPE = YES_ERROR;
				GCC_WARN_UNDECLARED_SELECTOR = YES;
				GCC_WARN_UNINITIALIZED_AUTOS = YES_AGGRESSIVE;
				GCC_WARN_UNUSED_FUNCTION = YES;
				GCC_WARN_UNUSED_VARIABLE = YES;
				IPHONEOS_DEPLOYMENT_TARGET = 14.4;
				MTL_ENABLE_DEBUG_INFO = NO;
				MTL_FAST_MATH = YES;
				SDKROOT = iphoneos;
				SWIFT_COMPILATION_MODE = wholemodule;
				SWIFT_OPTIMIZATION_LEVEL = "-O";
				VALIDATE_PRODUCT = YES;
			};
			name = Release;
		};
		E29B661E25FA128900D8EBD4 /* Debug */ = {
			isa = XCBuildConfiguration;
			baseConfigurationReference = DF4117B0089E0BA4F665AFEE /* Pods-Anuvaad.debug.xcconfig */;
			buildSettings = {
				ASSETCATALOG_COMPILER_APPICON_NAME = AppIcon;
				ASSETCATALOG_COMPILER_GLOBAL_ACCENT_COLOR_NAME = AccentColor;
				CODE_SIGN_STYLE = Automatic;
				DEVELOPMENT_TEAM = VHF4XQWWL9;
				IBSC_MODULE = "$(PRODUCT_MODULE_NAME)";
				INFOPLIST_FILE = Anuvaad/Others/Info.plist;
				LD_RUNPATH_SEARCH_PATHS = (
					"$(inherited)",
					"@executable_path/Frameworks",
				);
				PRODUCT_BUNDLE_IDENTIFIER = com.siddhant.Anuvaad;
				PRODUCT_NAME = "$(TARGET_NAME)";
				SWIFT_VERSION = 5.0;
				TARGETED_DEVICE_FAMILY = "1,2";
			};
			name = Debug;
		};
		E29B661F25FA128900D8EBD4 /* Release */ = {
			isa = XCBuildConfiguration;
			baseConfigurationReference = C1265F8746C9A876C45DD625 /* Pods-Anuvaad.release.xcconfig */;
			buildSettings = {
				ASSETCATALOG_COMPILER_APPICON_NAME = AppIcon;
				ASSETCATALOG_COMPILER_GLOBAL_ACCENT_COLOR_NAME = AccentColor;
				CODE_SIGN_STYLE = Automatic;
				DEVELOPMENT_TEAM = VHF4XQWWL9;
				IBSC_MODULE = "$(PRODUCT_MODULE_NAME)";
				INFOPLIST_FILE = Anuvaad/Others/Info.plist;
				LD_RUNPATH_SEARCH_PATHS = (
					"$(inherited)",
					"@executable_path/Frameworks",
				);
				PRODUCT_BUNDLE_IDENTIFIER = com.siddhant.Anuvaad;
				PRODUCT_NAME = "$(TARGET_NAME)";
				SWIFT_VERSION = 5.0;
				TARGETED_DEVICE_FAMILY = "1,2";
			};
			name = Release;
		};
/* End XCBuildConfiguration section */

/* Begin XCConfigurationList section */
		E29B660425FA128800D8EBD4 /* Build configuration list for PBXProject "Anuvaad" */ = {
			isa = XCConfigurationList;
			buildConfigurations = (
				E29B661B25FA128900D8EBD4 /* Debug */,
				E29B661C25FA128900D8EBD4 /* Release */,
			);
			defaultConfigurationIsVisible = 0;
			defaultConfigurationName = Release;
		};
		E29B661D25FA128900D8EBD4 /* Build configuration list for PBXNativeTarget "Anuvaad" */ = {
			isa = XCConfigurationList;
			buildConfigurations = (
				E29B661E25FA128900D8EBD4 /* Debug */,
				E29B661F25FA128900D8EBD4 /* Release */,
			);
			defaultConfigurationIsVisible = 0;
			defaultConfigurationName = Release;
		};
/* End XCConfigurationList section */
	};
	rootObject = E29B660125FA128800D8EBD4 /* Project object */;
}
